PODS:
  - HexColors (4.0.0)
  - JZNavigationExtension (1.5.0.1)
  - Masonry (1.1.0)
  - SDWebImage (4.2.2):
    - SDWebImage/Core (= 4.2.2)
  - SDWebImage/Core (4.2.2)

DEPENDENCIES:
  - HexColors (= 4.0.0)
  - JZNavigationExtension (= 1.5.0.1)
  - Masonry (= 1.1.0)
  - SDWebImage (~> 4.2.2)

SPEC CHECKSUMS:
  HexColors: 5f95843ef89aff6a72e1fd3a8ebabf205cc43379
  JZNavigationExtension: 7b95d2b1c48846b8bedcb40d767448f14cb9a0b7
  Masonry: 678fab65091a9290e40e2832a55e7ab731aad201
  SDWebImage: 89a9d32cd520bbb46eb14e541d5109b3564af198

PODFILE CHECKSUM: 5f1f596e2fbef23c2d429a3fdf4d9bcb336cfa4f

COCOAPODS: 1.3.1
